
Microsoft Visual Studio Solution File, Format Version 12.00
# Visual Studio Version 17
VisualStudioVersion = 17.0.31903.59
MinimumVisualStudioVersion = 10.0.40219.1
Project("{9A19103F-16F7-4668-BE54-9A1E7A4F7556}") = "TermRTS.Runner", "TermRTS.Runner\TermRTS.Runner.csproj", "{A5C99C5E-9DF2-4988-B199-DEB5A56BBD4E}"
EndProject
Project("{9A19103F-16F7-4668-BE54-9A1E7A4F7556}") = "TermRTS", "TermRTS\TermRTS.csproj", "{D84D34C6-BE4C-4978-9EE2-F3BB48BC0841}"
EndProject
Project("{9A19103F-16F7-4668-BE54-9A1E7A4F7556}") = "TermRTS.Test", "TermRTS.Test\TermRTS.Test.csproj", "{CC3908B4-2783-4DCB-BF4E-EEFBCEA9977E}"
EndProject
Project("{FAE04EC0-301F-11D3-BF4B-00C04F79EFBC}") = "TermRTS.Examples", "TermRTS.Examples\TermRTS.Examples.csproj", "{70F2E009-361B-4C48-A372-CD21FDC2A5D5}"
	ProjectSection(ProjectDependencies) = postProject
		{D84D34C6-BE4C-4978-9EE2-F3BB48BC0841} = {D84D34C6-BE4C-4978-9EE2-F3BB48BC0841}
	EndProjectSection
EndProject
Global
	GlobalSection(SolutionConfigurationPlatforms) = preSolution
		Debug|Any CPU = Debug|Any CPU
		Release|Any CPU = Release|Any CPU
	EndGlobalSection
	GlobalSection(ProjectConfigurationPlatforms) = postSolution
		{A5C99C5E-9DF2-4988-B199-DEB5A56BBD4E}.Debug|Any CPU.ActiveCfg = Debug|Any CPU
		{A5C99C5E-9DF2-4988-B199-DEB5A56BBD4E}.Debug|Any CPU.Build.0 = Debug|Any CPU
		{A5C99C5E-9DF2-4988-B199-DEB5A56BBD4E}.Release|Any CPU.ActiveCfg = Release|Any CPU
		{A5C99C5E-9DF2-4988-B199-DEB5A56BBD4E}.Release|Any CPU.Build.0 = Release|Any CPU
		{D84D34C6-BE4C-4978-9EE2-F3BB48BC0841}.Debug|Any CPU.ActiveCfg = Debug|Any CPU
		{D84D34C6-BE4C-4978-9EE2-F3BB48BC0841}.Debug|Any CPU.Build.0 = Debug|Any CPU
		{D84D34C6-BE4C-4978-9EE2-F3BB48BC0841}.Release|Any CPU.ActiveCfg = Release|Any CPU
		{D84D34C6-BE4C-4978-9EE2-F3BB48BC0841}.Release|Any CPU.Build.0 = Release|Any CPU
		{CC3908B4-2783-4DCB-BF4E-EEFBCEA9977E}.Debug|Any CPU.ActiveCfg = Debug|Any CPU
		{CC3908B4-2783-4DCB-BF4E-EEFBCEA9977E}.Debug|Any CPU.Build.0 = Debug|Any CPU
		{CC3908B4-2783-4DCB-BF4E-EEFBCEA9977E}.Release|Any CPU.ActiveCfg = Release|Any CPU
		{CC3908B4-2783-4DCB-BF4E-EEFBCEA9977E}.Release|Any CPU.Build.0 = Release|Any CPU
		{70F2E009-361B-4C48-A372-CD21FDC2A5D5}.Debug|Any CPU.ActiveCfg = Debug|Any CPU
		{70F2E009-361B-4C48-A372-CD21FDC2A5D5}.Debug|Any CPU.Build.0 = Debug|Any CPU
		{70F2E009-361B-4C48-A372-CD21FDC2A5D5}.Release|Any CPU.ActiveCfg = Release|Any CPU
		{70F2E009-361B-4C48-A372-CD21FDC2A5D5}.Release|Any CPU.Build.0 = Release|Any CPU
	EndGlobalSection
	GlobalSection(SolutionProperties) = preSolution
		HideSolutionNode = FALSE
	EndGlobalSection
	GlobalSection(ExtensibilityGlobals) = postSolution
		SolutionGuid = {A9D6BB9D-F873-4C1A-AE73-3156E8F251F5}
	EndGlobalSection
EndGlobal
